
Microsoft Visual Studio Solution File, Format Version 12.00
Project("{FAE04EC0-301F-11D3-BF4B-00C04F79EFBC}") = "CheckTotpCode", "CheckTotpCode\CheckTotpCode.csproj", "{C6CF3589-0650-428A-9293-1F85E5C92F3D}"
EndProject
Project("{FAE04EC0-301F-11D3-BF4B-00C04F79EFBC}") = "GenerateKeyQr.Tests", "GenerateKeyQr.Tests\GenerateKeyQr.Tests.csproj", "{8586AEE1-53CF-4B91-AAAE-AD3740DE4B43}"
EndProject
Global
	GlobalSection(SolutionConfigurationPlatforms) = preSolution
		Debug|Any CPU = Debug|Any CPU
		Release|Any CPU = Release|Any CPU
	EndGlobalSection
	GlobalSection(ProjectConfigurationPlatforms) = postSolution
		{C6CF3589-0650-428A-9293-1F85E5C92F3D}.Debug|Any CPU.ActiveCfg = Debug|Any CPU
		{C6CF3589-0650-428A-9293-1F85E5C92F3D}.Debug|Any CPU.Build.0 = Debug|Any CPU
		{C6CF3589-0650-428A-9293-1F85E5C92F3D}.Release|Any CPU.ActiveCfg = Release|Any CPU
		{C6CF3589-0650-428A-9293-1F85E5C92F3D}.Release|Any CPU.Build.0 = Release|Any CPU
		{8586AEE1-53CF-4B91-AAAE-AD3740DE4B43}.Debug|Any CPU.ActiveCfg = Debug|Any CPU
		{8586AEE1-53CF-4B91-AAAE-AD3740DE4B43}.Debug|Any CPU.Build.0 = Debug|Any CPU
		{8586AEE1-53CF-4B91-AAAE-AD3740DE4B43}.Release|Any CPU.ActiveCfg = Release|Any CPU
		{8586AEE1-53CF-4B91-AAAE-AD3740DE4B43}.Release|Any CPU.Build.0 = Release|Any CPU
	EndGlobalSection
EndGlobal
